
Microsoft Visual Studio Solution File, Format Version 12.00
# Visual Studio Version 16
VisualStudioVersion = 16.0.32901.82
MinimumVisualStudioVersion = 10.0.40219.1
Project("{FAE04EC0-301F-11D3-BF4B-00C04F79EFBC}") = "ConsoleApp1", "ConsoleApp1\ConsoleApp1.csproj", "{56CCA275-2BAC-48D3-8509-4556791F3286}"
EndProject
Global
	GlobalSection(SolutionConfigurationPlatforms) = preSolution
		Debug|Any CPU = Debug|Any CPU
		Release|Any CPU = Release|Any CPU
	EndGlobalSection
	GlobalSection(ProjectConfigurationPlatforms) = postSolution
		{56CCA275-2BAC-48D3-8509-4556791F3286}.Debug|Any CPU.ActiveCfg = Debug|Any CPU
		{56CCA275-2BAC-48D3-8509-4556791F3286}.Debug|Any CPU.Build.0 = Debug|Any CPU
		{56CCA275-2BAC-48D3-8509-4556791F3286}.Release|Any CPU.ActiveCfg = Release|Any CPU
		{56CCA275-2BAC-48D3-8509-4556791F3286}.Release|Any CPU.Build.0 = Release|Any CPU
	EndGlobalSection
	GlobalSection(SolutionProperties) = preSolution
		HideSolutionNode = FALSE
	EndGlobalSection
	GlobalSection(ExtensibilityGlobals) = postSolution
		SolutionGuid = {5D6D88DF-427B-432A-B4B1-2D2DE658933D}
	EndGlobalSection
EndGlobal
